
Microsoft Visual Studio Solution File, Format Version 12.00
# Visual Studio Version 16
VisualStudioVersion = 16.0.31229.75
MinimumVisualStudioVersion = 10.0.40219.1
Project("{9A19103F-16F7-4668-BE54-9A1E7A4F7556}") = "EFSOL", "EFSOL\EFSOL.csproj", "{B58E45A4-62C0-4327-9A8B-6701C55614BA}"
EndProject
Project("{9A19103F-16F7-4668-BE54-9A1E7A4F7556}") = "lesson5_task3", "lesson5_task3\lesson5_task3.csproj", "{C8E8BD48-80D0-4725-9AE8-5CB6B7F068A4}"
EndProject
Project("{9A19103F-16F7-4668-BE54-9A1E7A4F7556}") = "Lesson8_task3", "Lesson8_task3\Lesson8_task3.csproj", "{D02A645A-12EB-4833-BE8A-8A6D8BC9D83A}"
EndProject
Project("{9A19103F-16F7-4668-BE54-9A1E7A4F7556}") = "Lesson9_task4", "Lesson9_task4\Lesson9_task4.csproj", "{10A11EE7-62B8-43A9-86DB-F6C56B248E16}"
EndProject
Project("{9A19103F-16F7-4668-BE54-9A1E7A4F7556}") = "lesson6_task4", "lesson6_task4\lesson6_task4.csproj", "{1EF6FE9C-73CC-40A2-9A68-55CF412AE2BB}"
EndProject
Project("{9A19103F-16F7-4668-BE54-9A1E7A4F7556}") = "basic_lesson7_2", "basic_lesson7_2\basic_lesson7_2.csproj", "{2E439CFD-10AF-48F7-9C68-AD24A3EC732F}"
EndProject
Project("{9A19103F-16F7-4668-BE54-9A1E7A4F7556}") = "basic_lesson7_3", "basic_lesson7_3\basic_lesson7_3.csproj", "{C2CC6C4F-7633-482A-8314-CEA43CBF0801}"
EndProject
Project("{9A19103F-16F7-4668-BE54-9A1E7A4F7556}") = "basic_lesson8_2", "basic_lesson8_2\basic_lesson8_2.csproj", "{AAB3D96A-7C3F-4FF9-BB37-B34ACCF38165}"
EndProject
Project("{9A19103F-16F7-4668-BE54-9A1E7A4F7556}") = "basic_lesson9_3", "basic_lesson9_3\basic_lesson9_3.csproj", "{783DC504-315C-4248-935D-FB04A4A6B660}"
EndProject
Project("{9A19103F-16F7-4668-BE54-9A1E7A4F7556}") = "basic_lesson10_3", "basic_lesson10_3\basic_lesson10_3.csproj", "{9C5E8443-B922-4EFE-BA59-9678C5928471}"
EndProject
Project("{9A19103F-16F7-4668-BE54-9A1E7A4F7556}") = "Lesson7_task2", "Lesson7_task2\Lesson7_task2.csproj", "{EFA3F73D-DBB6-456A-9AB3-6636E17338BA}"
EndProject
Project("{9A19103F-16F7-4668-BE54-9A1E7A4F7556}") = "Basic_lesson13_1", "Basic_lesson13_1\Basic_lesson13_1.csproj", "{BE682D79-2F3A-4C88-A68B-7ABB72A27513}"
EndProject
Project("{9A19103F-16F7-4668-BE54-9A1E7A4F7556}") = "basic_lesson14_3", "basic_lesson14_3\basic_lesson14_3.csproj", "{8C02F512-4A50-4461-B016-76618156B31F}"
EndProject
Project("{9A19103F-16F7-4668-BE54-9A1E7A4F7556}") = "pro_1_2", "pro_1_2\pro_1_2.csproj", "{D42D5A47-326F-4F6C-ABA7-79F3C58F33FE}"
EndProject
Project("{9A19103F-16F7-4668-BE54-9A1E7A4F7556}") = "pro_2_2", "pro_2_2\pro_2_2.csproj", "{81EE87E4-D904-4A06-BF64-E0FC4615FB38}"
EndProject
Project("{9A19103F-16F7-4668-BE54-9A1E7A4F7556}") = "pro_3_4", "pro_3_4\pro_3_4.csproj", "{C6E44143-35CC-4B1D-B88F-D30CAA7E1B31}"
EndProject
Project("{9A19103F-16F7-4668-BE54-9A1E7A4F7556}") = "pro_4_4", "pro_4_4\pro_4_4.csproj", "{3BE2966C-11B6-4E86-BE86-C8C243B3F5DB}"
EndProject
Project("{FAE04EC0-301F-11D3-BF4B-00C04F79EFBC}") = "pro_10_2", "pro_10_2\pro_10_2.csproj", "{6883C94A-54F2-48CC-A7BF-99B8D6F272CE}"
EndProject
Project("{FAE04EC0-301F-11D3-BF4B-00C04F79EFBC}") = "pro_11_2", "pro_11_2\pro_11_2.csproj", "{F0B92F92-0F66-4607-A95D-AFED0E71298E}"
EndProject
Global
	GlobalSection(SolutionConfigurationPlatforms) = preSolution
		Debug|Any CPU = Debug|Any CPU
		Release|Any CPU = Release|Any CPU
	EndGlobalSection
	GlobalSection(ProjectConfigurationPlatforms) = postSolution
		{B58E45A4-62C0-4327-9A8B-6701C55614BA}.Debug|Any CPU.ActiveCfg = Debug|Any CPU
		{B58E45A4-62C0-4327-9A8B-6701C55614BA}.Debug|Any CPU.Build.0 = Debug|Any CPU
		{B58E45A4-62C0-4327-9A8B-6701C55614BA}.Release|Any CPU.ActiveCfg = Release|Any CPU
		{B58E45A4-62C0-4327-9A8B-6701C55614BA}.Release|Any CPU.Build.0 = Release|Any CPU
		{C8E8BD48-80D0-4725-9AE8-5CB6B7F068A4}.Debug|Any CPU.ActiveCfg = Debug|Any CPU
		{C8E8BD48-80D0-4725-9AE8-5CB6B7F068A4}.Debug|Any CPU.Build.0 = Debug|Any CPU
		{C8E8BD48-80D0-4725-9AE8-5CB6B7F068A4}.Release|Any CPU.ActiveCfg = Release|Any CPU
		{C8E8BD48-80D0-4725-9AE8-5CB6B7F068A4}.Release|Any CPU.Build.0 = Release|Any CPU
		{D02A645A-12EB-4833-BE8A-8A6D8BC9D83A}.Debug|Any CPU.ActiveCfg = Debug|Any CPU
		{D02A645A-12EB-4833-BE8A-8A6D8BC9D83A}.Debug|Any CPU.Build.0 = Debug|Any CPU
		{D02A645A-12EB-4833-BE8A-8A6D8BC9D83A}.Release|Any CPU.ActiveCfg = Release|Any CPU
		{D02A645A-12EB-4833-BE8A-8A6D8BC9D83A}.Release|Any CPU.Build.0 = Release|Any CPU
		{10A11EE7-62B8-43A9-86DB-F6C56B248E16}.Debug|Any CPU.ActiveCfg = Debug|Any CPU
		{10A11EE7-62B8-43A9-86DB-F6C56B248E16}.Debug|Any CPU.Build.0 = Debug|Any CPU
		{10A11EE7-62B8-43A9-86DB-F6C56B248E16}.Release|Any CPU.ActiveCfg = Release|Any CPU
		{10A11EE7-62B8-43A9-86DB-F6C56B248E16}.Release|Any CPU.Build.0 = Release|Any CPU
		{1EF6FE9C-73CC-40A2-9A68-55CF412AE2BB}.Debug|Any CPU.ActiveCfg = Debug|Any CPU
		{1EF6FE9C-73CC-40A2-9A68-55CF412AE2BB}.Debug|Any CPU.Build.0 = Debug|Any CPU
		{1EF6FE9C-73CC-40A2-9A68-55CF412AE2BB}.Release|Any CPU.ActiveCfg = Release|Any CPU
		{1EF6FE9C-73CC-40A2-9A68-55CF412AE2BB}.Release|Any CPU.Build.0 = Release|Any CPU
		{2E439CFD-10AF-48F7-9C68-AD24A3EC732F}.Debug|Any CPU.ActiveCfg = Debug|Any CPU
		{2E439CFD-10AF-48F7-9C68-AD24A3EC732F}.Debug|Any CPU.Build.0 = Debug|Any CPU
		{2E439CFD-10AF-48F7-9C68-AD24A3EC732F}.Release|Any CPU.ActiveCfg = Release|Any CPU
		{2E439CFD-10AF-48F7-9C68-AD24A3EC732F}.Release|Any CPU.Build.0 = Release|Any CPU
		{C2CC6C4F-7633-482A-8314-CEA43CBF0801}.Debug|Any CPU.ActiveCfg = Debug|Any CPU
		{C2CC6C4F-7633-482A-8314-CEA43CBF0801}.Debug|Any CPU.Build.0 = Debug|Any CPU
		{C2CC6C4F-7633-482A-8314-CEA43CBF0801}.Release|Any CPU.ActiveCfg = Release|Any CPU
		{C2CC6C4F-7633-482A-8314-CEA43CBF0801}.Release|Any CPU.Build.0 = Release|Any CPU
		{AAB3D96A-7C3F-4FF9-BB37-B34ACCF38165}.Debug|Any CPU.ActiveCfg = Debug|Any CPU
		{AAB3D96A-7C3F-4FF9-BB37-B34ACCF38165}.Debug|Any CPU.Build.0 = Debug|Any CPU
		{AAB3D96A-7C3F-4FF9-BB37-B34ACCF38165}.Release|Any CPU.ActiveCfg = Release|Any CPU
		{AAB3D96A-7C3F-4FF9-BB37-B34ACCF38165}.Release|Any CPU.Build.0 = Release|Any CPU
		{783DC504-315C-4248-935D-FB04A4A6B660}.Debug|Any CPU.ActiveCfg = Debug|Any CPU
		{783DC504-315C-4248-935D-FB04A4A6B660}.Debug|Any CPU.Build.0 = Debug|Any CPU
		{783DC504-315C-4248-935D-FB04A4A6B660}.Release|Any CPU.ActiveCfg = Release|Any CPU
		{783DC504-315C-4248-935D-FB04A4A6B660}.Release|Any CPU.Build.0 = Release|Any CPU
		{9C5E8443-B922-4EFE-BA59-9678C5928471}.Debug|Any CPU.ActiveCfg = Debug|Any CPU
		{9C5E8443-B922-4EFE-BA59-9678C5928471}.Debug|Any CPU.Build.0 = Debug|Any CPU
		{9C5E8443-B922-4EFE-BA59-9678C5928471}.Release|Any CPU.ActiveCfg = Release|Any CPU
		{9C5E8443-B922-4EFE-BA59-9678C5928471}.Release|Any CPU.Build.0 = Release|Any CPU
		{EFA3F73D-DBB6-456A-9AB3-6636E17338BA}.Debug|Any CPU.ActiveCfg = Debug|Any CPU
		{EFA3F73D-DBB6-456A-9AB3-6636E17338BA}.Debug|Any CPU.Build.0 = Debug|Any CPU
		{EFA3F73D-DBB6-456A-9AB3-6636E17338BA}.Release|Any CPU.ActiveCfg = Release|Any CPU
		{EFA3F73D-DBB6-456A-9AB3-6636E17338BA}.Release|Any CPU.Build.0 = Release|Any CPU
		{BE682D79-2F3A-4C88-A68B-7ABB72A27513}.Debug|Any CPU.ActiveCfg = Debug|Any CPU
		{BE682D79-2F3A-4C88-A68B-7ABB72A27513}.Debug|Any CPU.Build.0 = Debug|Any CPU
		{BE682D79-2F3A-4C88-A68B-7ABB72A27513}.Release|Any CPU.ActiveCfg = Release|Any CPU
		{BE682D79-2F3A-4C88-A68B-7ABB72A27513}.Release|Any CPU.Build.0 = Release|Any CPU
		{8C02F512-4A50-4461-B016-76618156B31F}.Debug|Any CPU.ActiveCfg = Debug|Any CPU
		{8C02F512-4A50-4461-B016-76618156B31F}.Debug|Any CPU.Build.0 = Debug|Any CPU
		{8C02F512-4A50-4461-B016-76618156B31F}.Release|Any CPU.ActiveCfg = Release|Any CPU
		{8C02F512-4A50-4461-B016-76618156B31F}.Release|Any CPU.Build.0 = Release|Any CPU
		{D42D5A47-326F-4F6C-ABA7-79F3C58F33FE}.Debug|Any CPU.ActiveCfg = Debug|Any CPU
		{D42D5A47-326F-4F6C-ABA7-79F3C58F33FE}.Debug|Any CPU.Build.0 = Debug|Any CPU
		{D42D5A47-326F-4F6C-ABA7-79F3C58F33FE}.Release|Any CPU.ActiveCfg = Release|Any CPU
		{D42D5A47-326F-4F6C-ABA7-79F3C58F33FE}.Release|Any CPU.Build.0 = Release|Any CPU
		{81EE87E4-D904-4A06-BF64-E0FC4615FB38}.Debug|Any CPU.ActiveCfg = Debug|Any CPU
		{81EE87E4-D904-4A06-BF64-E0FC4615FB38}.Debug|Any CPU.Build.0 = Debug|Any CPU
		{81EE87E4-D904-4A06-BF64-E0FC4615FB38}.Release|Any CPU.ActiveCfg = Release|Any CPU
		{81EE87E4-D904-4A06-BF64-E0FC4615FB38}.Release|Any CPU.Build.0 = Release|Any CPU
		{C6E44143-35CC-4B1D-B88F-D30CAA7E1B31}.Debug|Any CPU.ActiveCfg = Debug|Any CPU
		{C6E44143-35CC-4B1D-B88F-D30CAA7E1B31}.Debug|Any CPU.Build.0 = Debug|Any CPU
		{C6E44143-35CC-4B1D-B88F-D30CAA7E1B31}.Release|Any CPU.ActiveCfg = Release|Any CPU
		{C6E44143-35CC-4B1D-B88F-D30CAA7E1B31}.Release|Any CPU.Build.0 = Release|Any CPU
		{3BE2966C-11B6-4E86-BE86-C8C243B3F5DB}.Debug|Any CPU.ActiveCfg = Debug|Any CPU
		{3BE2966C-11B6-4E86-BE86-C8C243B3F5DB}.Debug|Any CPU.Build.0 = Debug|Any CPU
		{3BE2966C-11B6-4E86-BE86-C8C243B3F5DB}.Release|Any CPU.ActiveCfg = Release|Any CPU
		{3BE2966C-11B6-4E86-BE86-C8C243B3F5DB}.Release|Any CPU.Build.0 = Release|Any CPU
		{6883C94A-54F2-48CC-A7BF-99B8D6F272CE}.Debug|Any CPU.ActiveCfg = Debug|Any CPU
		{6883C94A-54F2-48CC-A7BF-99B8D6F272CE}.Debug|Any CPU.Build.0 = Debug|Any CPU
		{6883C94A-54F2-48CC-A7BF-99B8D6F272CE}.Release|Any CPU.ActiveCfg = Release|Any CPU
		{6883C94A-54F2-48CC-A7BF-99B8D6F272CE}.Release|Any CPU.Build.0 = Release|Any CPU
		{F0B92F92-0F66-4607-A95D-AFED0E71298E}.Debug|Any CPU.ActiveCfg = Debug|Any CPU
		{F0B92F92-0F66-4607-A95D-AFED0E71298E}.Debug|Any CPU.Build.0 = Debug|Any CPU
		{F0B92F92-0F66-4607-A95D-AFED0E71298E}.Release|Any CPU.ActiveCfg = Release|Any CPU
		{F0B92F92-0F66-4607-A95D-AFED0E71298E}.Release|Any CPU.Build.0 = Release|Any CPU
	EndGlobalSection
	GlobalSection(SolutionProperties) = preSolution
		HideSolutionNode = FALSE
	EndGlobalSection
	GlobalSection(ExtensibilityGlobals) = postSolution
		SolutionGuid = {AD510CF2-23B0-46C6-9BC3-CD8414C8D20D}
	EndGlobalSection
EndGlobal
